
Microsoft Visual Studio Solution File, Format Version 11.00
# Visual Studio 2010
Project("{2150E333-8FDC-42A3-9474-1A3956D46DE8}") = "Solution Items", "Solution Items", "{D9FFEAC0-B6C5-45A9-85B3-B0DBA4776FDA}"
	ProjectSection(SolutionItems) = preProject
		ExoticStudio14.vsmdi = ExoticStudio14.vsmdi
		ExoticStudio15.vsmdi = ExoticStudio15.vsmdi
		LocalTestRun.testrunconfig = LocalTestRun.testrunconfig
	EndProjectSection
EndProject
Project("{FAE04EC0-301F-11D3-BF4B-00C04F79EFBC}") = "Hogar", "..\Hogar\Hogar.csproj", "{43DCA87F-515A-4CA5-AC20-4855D33860FA}"
EndProject
Project("{FAE04EC0-301F-11D3-BF4B-00C04F79EFBC}") = "OddsEditor", "..\OddsEditor\OddsEditor.csproj", "{A5AC4D09-FE08-4AFF-B272-A780F26F661F}"
EndProject
Project("{911E67C6-3D85-4FCE-B560-20A9C3E3FF48}") = "FactorResearch", "..\FactorResearch\Release\FactorResearch.exe", "{709EF185-938A-4817-AA6D-EFBB31A9D141}"
	ProjectSection(DebuggerProjectSystem) = preProject
		PortSupplier = 00000000-0000-0000-0000-000000000000
		Executable = C:\HorseRacingSoftware\FactorResearch\Release\FactorResearch.exe
		RemoteMachine = REBETIIS
		StartingDirectory = C:\HorseRacingSoftware\FactorResearch\Release
		Environment = Default
		LaunchingEngine = 00000000-0000-0000-0000-000000000000
		LaunchSQLEngine = No
		AttachLaunchAction = No
	EndProjectSection
EndProject
Project("{FAE04EC0-301F-11D3-BF4B-00C04F79EFBC}") = "ExoticStudio", "ExoticStudio\ExoticStudio.csproj", "{285773F2-DBF7-4970-849E-3275BC1F1025}"
EndProject
Project("{54435603-DBB4-11D2-8724-00A0C9A8B90C}") = "DeployExoticStudio", "DeployExoticStudio\DeployExoticStudio.vdproj", "{A750ED5E-8AFE-4FA5-8F97-AE7BAF0803E6}"
EndProject
Project("{FAE04EC0-301F-11D3-BF4B-00C04F79EFBC}") = "ClickOnceTest", "..\ClickOnceTest\ClickOnceTest.csproj", "{0883538E-79DA-4A5C-AE73-D54960C121A1}"
EndProject
Project("{FAE04EC0-301F-11D3-BF4B-00C04F79EFBC}") = "Utilities", "..\Utilities\Utilities.csproj", "{71B6DB2A-2263-47F8-B04B-788656E7DEC0}"
EndProject
Project("{FAE04EC0-301F-11D3-BF4B-00C04F79EFBC}") = "Sipp", "..\Sipp\Sipp.csproj", "{BDB55BBF-DC67-4CC6-A414-3A1856FFC395}"
EndProject
Project("{FAE04EC0-301F-11D3-BF4B-00C04F79EFBC}") = "SippViewer", "..\SippViewer\SippViewer.csproj", "{E5B65107-A2DE-48B1-9DAB-905010CB54F9}"
EndProject
Project("{FAE04EC0-301F-11D3-BF4B-00C04F79EFBC}") = "SippSite", "..\SippSite\SippSite.csproj", "{226944A1-B5BD-4B0D-B938-EE8F8EFDFAF9}"
EndProject
Project("{FAE04EC0-301F-11D3-BF4B-00C04F79EFBC}") = "WcfService1", "WcfService1\WcfService1.csproj", "{68D75AFB-4009-4F07-A4A1-9438AB158F84}"
EndProject
Project("{FAE04EC0-301F-11D3-BF4B-00C04F79EFBC}") = "PPImport", "..\PPImport\PPImport.csproj", "{112E39B1-5191-4E47-AF0B-C16EE357CD5B}"
EndProject
Project("{FAE04EC0-301F-11D3-BF4B-00C04F79EFBC}") = "RaceResultsImport", "..\RaceResultsImport\RaceResultsImport.csproj", "{5EDD76D1-AB25-49A2-983D-A48C28F9BD6A}"
EndProject
Project("{FAE04EC0-301F-11D3-BF4B-00C04F79EFBC}") = "RaceReplayViewer", "..\RaceReplayViewer\RaceReplayViewer\RaceReplayViewer.csproj", "{6CAF84BC-1B02-4CBF-832A-EB9FF3B66FAD}"
EndProject
Project("{FAE04EC0-301F-11D3-BF4B-00C04F79EFBC}") = "ODIETote", "..\ODIETote\ODIETote.csproj", "{29E9491B-1785-4286-834C-47C56CC172D9}"
EndProject
Global
	GlobalSection(SolutionConfigurationPlatforms) = preSolution
		Debug|Any CPU = Debug|Any CPU
		Debug|Mixed Platforms = Debug|Mixed Platforms
		Debug|Win32 = Debug|Win32
		Debug|x86 = Debug|x86
		Release|Any CPU = Release|Any CPU
		Release|Mixed Platforms = Release|Mixed Platforms
		Release|Win32 = Release|Win32
		Release|x86 = Release|x86
	EndGlobalSection
	GlobalSection(ProjectConfigurationPlatforms) = postSolution
		{43DCA87F-515A-4CA5-AC20-4855D33860FA}.Debug|Any CPU.ActiveCfg = Debug|Any CPU
		{43DCA87F-515A-4CA5-AC20-4855D33860FA}.Debug|Any CPU.Build.0 = Debug|Any CPU
		{43DCA87F-515A-4CA5-AC20-4855D33860FA}.Debug|Mixed Platforms.ActiveCfg = Debug|Any CPU
		{43DCA87F-515A-4CA5-AC20-4855D33860FA}.Debug|Mixed Platforms.Build.0 = Debug|Any CPU
		{43DCA87F-515A-4CA5-AC20-4855D33860FA}.Debug|Win32.ActiveCfg = Debug|Any CPU
		{43DCA87F-515A-4CA5-AC20-4855D33860FA}.Debug|x86.ActiveCfg = Debug|Any CPU
		{43DCA87F-515A-4CA5-AC20-4855D33860FA}.Release|Any CPU.ActiveCfg = Release|Any CPU
		{43DCA87F-515A-4CA5-AC20-4855D33860FA}.Release|Any CPU.Build.0 = Release|Any CPU
		{43DCA87F-515A-4CA5-AC20-4855D33860FA}.Release|Mixed Platforms.ActiveCfg = Release|Any CPU
		{43DCA87F-515A-4CA5-AC20-4855D33860FA}.Release|Mixed Platforms.Build.0 = Release|Any CPU
		{43DCA87F-515A-4CA5-AC20-4855D33860FA}.Release|Win32.ActiveCfg = Release|Any CPU
		{43DCA87F-515A-4CA5-AC20-4855D33860FA}.Release|x86.ActiveCfg = Release|Any CPU
		{A5AC4D09-FE08-4AFF-B272-A780F26F661F}.Debug|Any CPU.ActiveCfg = Debug|Any CPU
		{A5AC4D09-FE08-4AFF-B272-A780F26F661F}.Debug|Any CPU.Build.0 = Debug|Any CPU
		{A5AC4D09-FE08-4AFF-B272-A780F26F661F}.Debug|Mixed Platforms.ActiveCfg = Debug|Any CPU
		{A5AC4D09-FE08-4AFF-B272-A780F26F661F}.Debug|Mixed Platforms.Build.0 = Debug|Any CPU
		{A5AC4D09-FE08-4AFF-B272-A780F26F661F}.Debug|Win32.ActiveCfg = Debug|Any CPU
		{A5AC4D09-FE08-4AFF-B272-A780F26F661F}.Debug|x86.ActiveCfg = Debug|Any CPU
		{A5AC4D09-FE08-4AFF-B272-A780F26F661F}.Release|Any CPU.ActiveCfg = Release|Any CPU
		{A5AC4D09-FE08-4AFF-B272-A780F26F661F}.Release|Any CPU.Build.0 = Release|Any CPU
		{A5AC4D09-FE08-4AFF-B272-A780F26F661F}.Release|Mixed Platforms.ActiveCfg = Release|Any CPU
		{A5AC4D09-FE08-4AFF-B272-A780F26F661F}.Release|Mixed Platforms.Build.0 = Release|Any CPU
		{A5AC4D09-FE08-4AFF-B272-A780F26F661F}.Release|Win32.ActiveCfg = Release|Any CPU
		{A5AC4D09-FE08-4AFF-B272-A780F26F661F}.Release|x86.ActiveCfg = Release|Any CPU
		{709EF185-938A-4817-AA6D-EFBB31A9D141}.Debug|Any CPU.ActiveCfg = Debug
		{709EF185-938A-4817-AA6D-EFBB31A9D141}.Debug|Mixed Platforms.ActiveCfg = Debug
		{709EF185-938A-4817-AA6D-EFBB31A9D141}.Debug|Win32.ActiveCfg = Debug
		{709EF185-938A-4817-AA6D-EFBB31A9D141}.Debug|x86.ActiveCfg = Debug|x86
		{709EF185-938A-4817-AA6D-EFBB31A9D141}.Release|Any CPU.ActiveCfg = Debug
		{709EF185-938A-4817-AA6D-EFBB31A9D141}.Release|Mixed Platforms.ActiveCfg = Debug
		{709EF185-938A-4817-AA6D-EFBB31A9D141}.Release|Win32.ActiveCfg = Debug
		{709EF185-938A-4817-AA6D-EFBB31A9D141}.Release|x86.ActiveCfg = Debug
		{285773F2-DBF7-4970-849E-3275BC1F1025}.Debug|Any CPU.ActiveCfg = Debug|Any CPU
		{285773F2-DBF7-4970-849E-3275BC1F1025}.Debug|Any CPU.Build.0 = Debug|Any CPU
		{285773F2-DBF7-4970-849E-3275BC1F1025}.Debug|Mixed Platforms.ActiveCfg = Debug|Any CPU
		{285773F2-DBF7-4970-849E-3275BC1F1025}.Debug|Mixed Platforms.Build.0 = Debug|Any CPU
		{285773F2-DBF7-4970-849E-3275BC1F1025}.Debug|Win32.ActiveCfg = Debug|Any CPU
		{285773F2-DBF7-4970-849E-3275BC1F1025}.Debug|x86.ActiveCfg = Debug|Any CPU
		{285773F2-DBF7-4970-849E-3275BC1F1025}.Release|Any CPU.ActiveCfg = Release|Any CPU
		{285773F2-DBF7-4970-849E-3275BC1F1025}.Release|Any CPU.Build.0 = Release|Any CPU
		{285773F2-DBF7-4970-849E-3275BC1F1025}.Release|Mixed Platforms.ActiveCfg = Release|Any CPU
		{285773F2-DBF7-4970-849E-3275BC1F1025}.Release|Mixed Platforms.Build.0 = Release|Any CPU
		{285773F2-DBF7-4970-849E-3275BC1F1025}.Release|Win32.ActiveCfg = Release|Any CPU
		{285773F2-DBF7-4970-849E-3275BC1F1025}.Release|x86.ActiveCfg = Release|Any CPU
		{A750ED5E-8AFE-4FA5-8F97-AE7BAF0803E6}.Debug|Any CPU.ActiveCfg = Debug
		{A750ED5E-8AFE-4FA5-8F97-AE7BAF0803E6}.Debug|Mixed Platforms.ActiveCfg = Debug
		{A750ED5E-8AFE-4FA5-8F97-AE7BAF0803E6}.Debug|Win32.ActiveCfg = Debug
		{A750ED5E-8AFE-4FA5-8F97-AE7BAF0803E6}.Debug|x86.ActiveCfg = Debug
		{A750ED5E-8AFE-4FA5-8F97-AE7BAF0803E6}.Debug|x86.Build.0 = Debug
		{A750ED5E-8AFE-4FA5-8F97-AE7BAF0803E6}.Release|Any CPU.ActiveCfg = Release
		{A750ED5E-8AFE-4FA5-8F97-AE7BAF0803E6}.Release|Mixed Platforms.ActiveCfg = Release
		{A750ED5E-8AFE-4FA5-8F97-AE7BAF0803E6}.Release|Win32.ActiveCfg = Release
		{A750ED5E-8AFE-4FA5-8F97-AE7BAF0803E6}.Release|x86.ActiveCfg = Release
		{A750ED5E-8AFE-4FA5-8F97-AE7BAF0803E6}.Release|x86.Build.0 = Release
		{0883538E-79DA-4A5C-AE73-D54960C121A1}.Debug|Any CPU.ActiveCfg = Debug|x86
		{0883538E-79DA-4A5C-AE73-D54960C121A1}.Debug|Mixed Platforms.ActiveCfg = Debug|x86
		{0883538E-79DA-4A5C-AE73-D54960C121A1}.Debug|Mixed Platforms.Build.0 = Debug|x86
		{0883538E-79DA-4A5C-AE73-D54960C121A1}.Debug|Win32.ActiveCfg = Debug|x86
		{0883538E-79DA-4A5C-AE73-D54960C121A1}.Debug|x86.ActiveCfg = Debug|x86
		{0883538E-79DA-4A5C-AE73-D54960C121A1}.Debug|x86.Build.0 = Debug|x86
		{0883538E-79DA-4A5C-AE73-D54960C121A1}.Release|Any CPU.ActiveCfg = Release|x86
		{0883538E-79DA-4A5C-AE73-D54960C121A1}.Release|Mixed Platforms.ActiveCfg = Release|x86
		{0883538E-79DA-4A5C-AE73-D54960C121A1}.Release|Mixed Platforms.Build.0 = Release|x86
		{0883538E-79DA-4A5C-AE73-D54960C121A1}.Release|Win32.ActiveCfg = Release|x86
		{0883538E-79DA-4A5C-AE73-D54960C121A1}.Release|x86.ActiveCfg = Release|x86
		{0883538E-79DA-4A5C-AE73-D54960C121A1}.Release|x86.Build.0 = Release|x86
		{71B6DB2A-2263-47F8-B04B-788656E7DEC0}.Debug|Any CPU.ActiveCfg = Debug|Any CPU
		{71B6DB2A-2263-47F8-B04B-788656E7DEC0}.Debug|Any CPU.Build.0 = Debug|Any CPU
		{71B6DB2A-2263-47F8-B04B-788656E7DEC0}.Debug|Mixed Platforms.ActiveCfg = Debug|Any CPU
		{71B6DB2A-2263-47F8-B04B-788656E7DEC0}.Debug|Mixed Platforms.Build.0 = Debug|Any CPU
		{71B6DB2A-2263-47F8-B04B-788656E7DEC0}.Debug|Win32.ActiveCfg = Debug|Any CPU
		{71B6DB2A-2263-47F8-B04B-788656E7DEC0}.Debug|x86.ActiveCfg = Debug|Any CPU
		{71B6DB2A-2263-47F8-B04B-788656E7DEC0}.Release|Any CPU.ActiveCfg = Release|Any CPU
		{71B6DB2A-2263-47F8-B04B-788656E7DEC0}.Release|Any CPU.Build.0 = Release|Any CPU
		{71B6DB2A-2263-47F8-B04B-788656E7DEC0}.Release|Mixed Platforms.ActiveCfg = Release|Any CPU
		{71B6DB2A-2263-47F8-B04B-788656E7DEC0}.Release|Mixed Platforms.Build.0 = Release|Any CPU
		{71B6DB2A-2263-47F8-B04B-788656E7DEC0}.Release|Win32.ActiveCfg = Release|Any CPU
		{71B6DB2A-2263-47F8-B04B-788656E7DEC0}.Release|x86.ActiveCfg = Release|Any CPU
		{BDB55BBF-DC67-4CC6-A414-3A1856FFC395}.Debug|Any CPU.ActiveCfg = Debug|Any CPU
		{BDB55BBF-DC67-4CC6-A414-3A1856FFC395}.Debug|Any CPU.Build.0 = Debug|Any CPU
		{BDB55BBF-DC67-4CC6-A414-3A1856FFC395}.Debug|Mixed Platforms.ActiveCfg = Debug|Any CPU
		{BDB55BBF-DC67-4CC6-A414-3A1856FFC395}.Debug|Mixed Platforms.Build.0 = Debug|Any CPU
		{BDB55BBF-DC67-4CC6-A414-3A1856FFC395}.Debug|Win32.ActiveCfg = Debug|Any CPU
		{BDB55BBF-DC67-4CC6-A414-3A1856FFC395}.Debug|x86.ActiveCfg = Debug|Any CPU
		{BDB55BBF-DC67-4CC6-A414-3A1856FFC395}.Release|Any CPU.ActiveCfg = Release|Any CPU
		{BDB55BBF-DC67-4CC6-A414-3A1856FFC395}.Release|Any CPU.Build.0 = Release|Any CPU
		{BDB55BBF-DC67-4CC6-A414-3A1856FFC395}.Release|Mixed Platforms.ActiveCfg = Release|Any CPU
		{BDB55BBF-DC67-4CC6-A414-3A1856FFC395}.Release|Mixed Platforms.Build.0 = Release|Any CPU
		{BDB55BBF-DC67-4CC6-A414-3A1856FFC395}.Release|Win32.ActiveCfg = Release|Any CPU
		{BDB55BBF-DC67-4CC6-A414-3A1856FFC395}.Release|x86.ActiveCfg = Release|Any CPU
		{E5B65107-A2DE-48B1-9DAB-905010CB54F9}.Debug|Any CPU.ActiveCfg = Debug|x86
		{E5B65107-A2DE-48B1-9DAB-905010CB54F9}.Debug|Any CPU.Build.0 = Debug|x86
		{E5B65107-A2DE-48B1-9DAB-905010CB54F9}.Debug|Mixed Platforms.ActiveCfg = Debug|x86
		{E5B65107-A2DE-48B1-9DAB-905010CB54F9}.Debug|Mixed Platforms.Build.0 = Debug|x86
		{E5B65107-A2DE-48B1-9DAB-905010CB54F9}.Debug|Win32.ActiveCfg = Debug|x86
		{E5B65107-A2DE-48B1-9DAB-905010CB54F9}.Debug|x86.ActiveCfg = Debug|x86
		{E5B65107-A2DE-48B1-9DAB-905010CB54F9}.Debug|x86.Build.0 = Debug|x86
		{E5B65107-A2DE-48B1-9DAB-905010CB54F9}.Release|Any CPU.ActiveCfg = Release|x86
		{E5B65107-A2DE-48B1-9DAB-905010CB54F9}.Release|Any CPU.Build.0 = Release|x86
		{E5B65107-A2DE-48B1-9DAB-905010CB54F9}.Release|Mixed Platforms.ActiveCfg = Release|x86
		{E5B65107-A2DE-48B1-9DAB-905010CB54F9}.Release|Mixed Platforms.Build.0 = Release|x86
		{E5B65107-A2DE-48B1-9DAB-905010CB54F9}.Release|Win32.ActiveCfg = Release|x86
		{E5B65107-A2DE-48B1-9DAB-905010CB54F9}.Release|x86.ActiveCfg = Release|x86
		{E5B65107-A2DE-48B1-9DAB-905010CB54F9}.Release|x86.Build.0 = Release|x86
		{226944A1-B5BD-4B0D-B938-EE8F8EFDFAF9}.Debug|Any CPU.ActiveCfg = Debug|Any CPU
		{226944A1-B5BD-4B0D-B938-EE8F8EFDFAF9}.Debug|Any CPU.Build.0 = Debug|Any CPU
		{226944A1-B5BD-4B0D-B938-EE8F8EFDFAF9}.Debug|Mixed Platforms.ActiveCfg = Debug|Any CPU
		{226944A1-B5BD-4B0D-B938-EE8F8EFDFAF9}.Debug|Mixed Platforms.Build.0 = Debug|Any CPU
		{226944A1-B5BD-4B0D-B938-EE8F8EFDFAF9}.Debug|Win32.ActiveCfg = Debug|Any CPU
		{226944A1-B5BD-4B0D-B938-EE8F8EFDFAF9}.Debug|x86.ActiveCfg = Debug|Any CPU
		{226944A1-B5BD-4B0D-B938-EE8F8EFDFAF9}.Release|Any CPU.ActiveCfg = Release|Any CPU
		{226944A1-B5BD-4B0D-B938-EE8F8EFDFAF9}.Release|Any CPU.Build.0 = Release|Any CPU
		{226944A1-B5BD-4B0D-B938-EE8F8EFDFAF9}.Release|Mixed Platforms.ActiveCfg = Release|Any CPU
		{226944A1-B5BD-4B0D-B938-EE8F8EFDFAF9}.Release|Mixed Platforms.Build.0 = Release|Any CPU
		{226944A1-B5BD-4B0D-B938-EE8F8EFDFAF9}.Release|Win32.ActiveCfg = Release|Any CPU
		{226944A1-B5BD-4B0D-B938-EE8F8EFDFAF9}.Release|x86.ActiveCfg = Release|Any CPU
		{68D75AFB-4009-4F07-A4A1-9438AB158F84}.Debug|Any CPU.ActiveCfg = Debug|Any CPU
		{68D75AFB-4009-4F07-A4A1-9438AB158F84}.Debug|Any CPU.Build.0 = Debug|Any CPU
		{68D75AFB-4009-4F07-A4A1-9438AB158F84}.Debug|Mixed Platforms.ActiveCfg = Debug|Any CPU
		{68D75AFB-4009-4F07-A4A1-9438AB158F84}.Debug|Mixed Platforms.Build.0 = Debug|Any CPU
		{68D75AFB-4009-4F07-A4A1-9438AB158F84}.Debug|Win32.ActiveCfg = Debug|Any CPU
		{68D75AFB-4009-4F07-A4A1-9438AB158F84}.Debug|x86.ActiveCfg = Debug|Any CPU
		{68D75AFB-4009-4F07-A4A1-9438AB158F84}.Release|Any CPU.ActiveCfg = Release|Any CPU
		{68D75AFB-4009-4F07-A4A1-9438AB158F84}.Release|Any CPU.Build.0 = Release|Any CPU
		{68D75AFB-4009-4F07-A4A1-9438AB158F84}.Release|Mixed Platforms.ActiveCfg = Release|Any CPU
		{68D75AFB-4009-4F07-A4A1-9438AB158F84}.Release|Mixed Platforms.Build.0 = Release|Any CPU
		{68D75AFB-4009-4F07-A4A1-9438AB158F84}.Release|Win32.ActiveCfg = Release|Any CPU
		{68D75AFB-4009-4F07-A4A1-9438AB158F84}.Release|x86.ActiveCfg = Release|Any CPU
		{112E39B1-5191-4E47-AF0B-C16EE357CD5B}.Debug|Any CPU.ActiveCfg = Debug|Any CPU
		{112E39B1-5191-4E47-AF0B-C16EE357CD5B}.Debug|Any CPU.Build.0 = Debug|Any CPU
		{112E39B1-5191-4E47-AF0B-C16EE357CD5B}.Debug|Mixed Platforms.ActiveCfg = Debug|Any CPU
		{112E39B1-5191-4E47-AF0B-C16EE357CD5B}.Debug|Mixed Platforms.Build.0 = Debug|Any CPU
		{112E39B1-5191-4E47-AF0B-C16EE357CD5B}.Debug|Win32.ActiveCfg = Debug|Any CPU
		{112E39B1-5191-4E47-AF0B-C16EE357CD5B}.Debug|x86.ActiveCfg = Debug|Any CPU
		{112E39B1-5191-4E47-AF0B-C16EE357CD5B}.Release|Any CPU.ActiveCfg = Release|Any CPU
		{112E39B1-5191-4E47-AF0B-C16EE357CD5B}.Release|Any CPU.Build.0 = Release|Any CPU
		{112E39B1-5191-4E47-AF0B-C16EE357CD5B}.Release|Mixed Platforms.ActiveCfg = Release|Any CPU
		{112E39B1-5191-4E47-AF0B-C16EE357CD5B}.Release|Mixed Platforms.Build.0 = Release|Any CPU
		{112E39B1-5191-4E47-AF0B-C16EE357CD5B}.Release|Win32.ActiveCfg = Release|Any CPU
		{112E39B1-5191-4E47-AF0B-C16EE357CD5B}.Release|x86.ActiveCfg = Release|Any CPU
		{5EDD76D1-AB25-49A2-983D-A48C28F9BD6A}.Debug|Any CPU.ActiveCfg = Debug|Any CPU
		{5EDD76D1-AB25-49A2-983D-A48C28F9BD6A}.Debug|Any CPU.Build.0 = Debug|Any CPU
		{5EDD76D1-AB25-49A2-983D-A48C28F9BD6A}.Debug|Mixed Platforms.ActiveCfg = Debug|Any CPU
		{5EDD76D1-AB25-49A2-983D-A48C28F9BD6A}.Debug|Mixed Platforms.Build.0 = Debug|Any CPU
		{5EDD76D1-AB25-49A2-983D-A48C28F9BD6A}.Debug|Win32.ActiveCfg = Debug|Any CPU
		{5EDD76D1-AB25-49A2-983D-A48C28F9BD6A}.Debug|x86.ActiveCfg = Debug|Any CPU
		{5EDD76D1-AB25-49A2-983D-A48C28F9BD6A}.Release|Any CPU.ActiveCfg = Release|Any CPU
		{5EDD76D1-AB25-49A2-983D-A48C28F9BD6A}.Release|Any CPU.Build.0 = Release|Any CPU
		{5EDD76D1-AB25-49A2-983D-A48C28F9BD6A}.Release|Mixed Platforms.ActiveCfg = Release|Any CPU
		{5EDD76D1-AB25-49A2-983D-A48C28F9BD6A}.Release|Mixed Platforms.Build.0 = Release|Any CPU
		{5EDD76D1-AB25-49A2-983D-A48C28F9BD6A}.Release|Win32.ActiveCfg = Release|Any CPU
		{5EDD76D1-AB25-49A2-983D-A48C28F9BD6A}.Release|x86.ActiveCfg = Release|Any CPU
		{6CAF84BC-1B02-4CBF-832A-EB9FF3B66FAD}.Debug|Any CPU.ActiveCfg = Debug|Any CPU
		{6CAF84BC-1B02-4CBF-832A-EB9FF3B66FAD}.Debug|Any CPU.Build.0 = Debug|Any CPU
		{6CAF84BC-1B02-4CBF-832A-EB9FF3B66FAD}.Debug|Mixed Platforms.ActiveCfg = Debug|Any CPU
		{6CAF84BC-1B02-4CBF-832A-EB9FF3B66FAD}.Debug|Mixed Platforms.Build.0 = Debug|Any CPU
		{6CAF84BC-1B02-4CBF-832A-EB9FF3B66FAD}.Debug|Win32.ActiveCfg = Debug|Any CPU
		{6CAF84BC-1B02-4CBF-832A-EB9FF3B66FAD}.Debug|x86.ActiveCfg = Debug|Any CPU
		{6CAF84BC-1B02-4CBF-832A-EB9FF3B66FAD}.Release|Any CPU.ActiveCfg = Release|Any CPU
		{6CAF84BC-1B02-4CBF-832A-EB9FF3B66FAD}.Release|Any CPU.Build.0 = Release|Any CPU
		{6CAF84BC-1B02-4CBF-832A-EB9FF3B66FAD}.Release|Mixed Platforms.ActiveCfg = Release|Any CPU
		{6CAF84BC-1B02-4CBF-832A-EB9FF3B66FAD}.Release|Mixed Platforms.Build.0 = Release|Any CPU
		{6CAF84BC-1B02-4CBF-832A-EB9FF3B66FAD}.Release|Win32.ActiveCfg = Release|Any CPU
		{6CAF84BC-1B02-4CBF-832A-EB9FF3B66FAD}.Release|x86.ActiveCfg = Release|Any CPU
		{29E9491B-1785-4286-834C-47C56CC172D9}.Debug|Any CPU.ActiveCfg = Debug|x86
		{29E9491B-1785-4286-834C-47C56CC172D9}.Debug|Mixed Platforms.ActiveCfg = Debug|x86
		{29E9491B-1785-4286-834C-47C56CC172D9}.Debug|Mixed Platforms.Build.0 = Debug|x86
		{29E9491B-1785-4286-834C-47C56CC172D9}.Debug|Win32.ActiveCfg = Debug|x86
		{29E9491B-1785-4286-834C-47C56CC172D9}.Debug|x86.ActiveCfg = Debug|x86
		{29E9491B-1785-4286-834C-47C56CC172D9}.Debug|x86.Build.0 = Debug|x86
		{29E9491B-1785-4286-834C-47C56CC172D9}.Release|Any CPU.ActiveCfg = Release|x86
		{29E9491B-1785-4286-834C-47C56CC172D9}.Release|Mixed Platforms.ActiveCfg = Release|x86
		{29E9491B-1785-4286-834C-47C56CC172D9}.Release|Mixed Platforms.Build.0 = Release|x86
		{29E9491B-1785-4286-834C-47C56CC172D9}.Release|Win32.ActiveCfg = Release|x86
		{29E9491B-1785-4286-834C-47C56CC172D9}.Release|x86.ActiveCfg = Release|x86
		{29E9491B-1785-4286-834C-47C56CC172D9}.Release|x86.Build.0 = Release|x86
	EndGlobalSection
	GlobalSection(SolutionProperties) = preSolution
		HideSolutionNode = FALSE
	EndGlobalSection
	GlobalSection(ExtensibilityGlobals) = postSolution
		VisualSVNWorkingCopyRoot = ..
	EndGlobalSection
EndGlobal
